
Microsoft Visual Studio Solution File, Format Version 12.00
# Visual Studio Version 16
VisualStudioVersion = 16.0.30413.136
MinimumVisualStudioVersion = 10.0.40219.1
Project("{FAE04EC0-301F-11D3-BF4B-00C04F79EFBC}") = "LINQ", "LINQ\LINQ.csproj", "{A580AA32-CE0E-43B5-A0DA-D5D9EF958535}"
EndProject
Global
	GlobalSection(SolutionConfigurationPlatforms) = preSolution
		Debug|Any CPU = Debug|Any CPU
		Release|Any CPU = Release|Any CPU
	EndGlobalSection
	GlobalSection(ProjectConfigurationPlatforms) = postSolution
		{A580AA32-CE0E-43B5-A0DA-D5D9EF958535}.Debug|Any CPU.ActiveCfg = Debug|Any CPU
		{A580AA32-CE0E-43B5-A0DA-D5D9EF958535}.Debug|Any CPU.Build.0 = Debug|Any CPU
		{A580AA32-CE0E-43B5-A0DA-D5D9EF958535}.Release|Any CPU.ActiveCfg = Release|Any CPU
		{A580AA32-CE0E-43B5-A0DA-D5D9EF958535}.Release|Any CPU.Build.0 = Release|Any CPU
	EndGlobalSection
	GlobalSection(SolutionProperties) = preSolution
		HideSolutionNode = FALSE
	EndGlobalSection
	GlobalSection(ExtensibilityGlobals) = postSolution
		SolutionGuid = {F4D1A60E-CAF1-4A69-AD35-B84010C6A18F}
	EndGlobalSection
EndGlobal
